
Microsoft Visual Studio Solution File, Format Version 12.00
# Visual Studio Version 17
VisualStudioVersion = 17.8.34511.84
MinimumVisualStudioVersion = 10.0.40219.1
Project("{FAE04EC0-301F-11D3-BF4B-00C04F79EFBC}") = "BulkyWeb", "BulkyWeb\BulkyWeb.csproj", "{4C98FACF-BFC5-42DE-AF48-A03D044AD40A}"
EndProject
Global
	GlobalSection(SolutionConfigurationPlatforms) = preSolution
		Debug|Any CPU = Debug|Any CPU
		Release|Any CPU = Release|Any CPU
	EndGlobalSection
	GlobalSection(ProjectConfigurationPlatforms) = postSolution
		{4C98FACF-BFC5-42DE-AF48-A03D044AD40A}.Debug|Any CPU.ActiveCfg = Debug|Any CPU
		{4C98FACF-BFC5-42DE-AF48-A03D044AD40A}.Debug|Any CPU.Build.0 = Debug|Any CPU
		{4C98FACF-BFC5-42DE-AF48-A03D044AD40A}.Release|Any CPU.ActiveCfg = Release|Any CPU
		{4C98FACF-BFC5-42DE-AF48-A03D044AD40A}.Release|Any CPU.Build.0 = Release|Any CPU
	EndGlobalSection
	GlobalSection(SolutionProperties) = preSolution
		HideSolutionNode = FALSE
	EndGlobalSection
	GlobalSection(ExtensibilityGlobals) = postSolution
		SolutionGuid = {C6425B97-EFC3-44AA-8348-3E770EA0A2DC}
	EndGlobalSection
EndGlobal
